// !$*UTF8*$!
{
	archiveVersion = 1;
	classes = {
	};
	objectVersion = 55;
	objects = {

/* Begin PBXBuildFile section */
		9AA82A442884771C00398D4B /* NikeAppApp.swift in Sources */ = {isa = PBXBuildFile; fileRef = 9AA82A432884771C00398D4B /* NikeAppApp.swift */; };
		9AA82A462884771C00398D4B /* ContentView.swift in Sources */ = {isa = PBXBuildFile; fileRef = 9AA82A452884771C00398D4B /* ContentView.swift */; };
		9AA82A482884771D00398D4B /* Assets.xcassets in Resources */ = {isa = PBXBuildFile; fileRef = 9AA82A472884771D00398D4B /* Assets.xcassets */; };
		9AA82A4B2884771D00398D4B /* Preview Assets.xcassets in Resources */ = {isa = PBXBuildFile; fileRef = 9AA82A4A2884771D00398D4B /* Preview Assets.xcassets */; };
		9AA82A55288479C500398D4B /* BaseView.swift in Sources */ = {isa = PBXBuildFile; fileRef = 9AA82A54288479C500398D4B /* BaseView.swift */; };
		9AA82A57288479FB00398D4B /* BaseViewModel.swift in Sources */ = {isa = PBXBuildFile; fileRef = 9AA82A56288479FB00398D4B /* BaseViewModel.swift */; };
		9AA82A59288485BC00398D4B /* ProfilePage.swift in Sources */ = {isa = PBXBuildFile; fileRef = 9AA82A58288485BC00398D4B /* ProfilePage.swift */; };
		9AA82A5B288489B500398D4B /* CustomCurveShape.swift in Sources */ = {isa = PBXBuildFile; fileRef = 9AA82A5A288489B500398D4B /* CustomCurveShape.swift */; };
		9AA82A5D28848B4200398D4B /* Home.swift in Sources */ = {isa = PBXBuildFile; fileRef = 9AA82A5C28848B4200398D4B /* Home.swift */; };
		9AA82A5F288496D500398D4B /* Product.swift in Sources */ = {isa = PBXBuildFile; fileRef = 9AA82A5E288496D500398D4B /* Product.swift */; };
		9AA82A612884C55B00398D4B /* DetailView.swift in Sources */ = {isa = PBXBuildFile; fileRef = 9AA82A602884C55A00398D4B /* DetailView.swift */; };
		9AA82A632885BBB100398D4B /* LikedPage.swift in Sources */ = {isa = PBXBuildFile; fileRef = 9AA82A622885BBB000398D4B /* LikedPage.swift */; };
/* End PBXBuildFile section */

/* Begin PBXFileReference section */
		9AA82A402884771C00398D4B /* NikeApp.app */ = {isa = PBXFileReference; explicitFileType = wrapper.application; includeInIndex = 0; path = NikeApp.app; sourceTree = BUILT_PRODUCTS_DIR; };
		9AA82A432884771C00398D4B /* NikeAppApp.swift */ = {isa = PBXFileReference; lastKnownFileType = sourcecode.swift; path = NikeAppApp.swift; sourceTree = "<group>"; };
		9AA82A452884771C00398D4B /* ContentView.swift */ = {isa = PBXFileReference; lastKnownFileType = sourcecode.swift; path = ContentView.swift; sourceTree = "<group>"; };
		9AA82A472884771D00398D4B /* Assets.xcassets */ = {isa = PBXFileReference; lastKnownFileType = folder.assetcatalog; path = Assets.xcassets; sourceTree = "<group>"; };
		9AA82A4A2884771D00398D4B /* Preview Assets.xcassets */ = {isa = PBXFileReference; lastKnownFileType = folder.assetcatalog; path = "Preview Assets.xcassets"; sourceTree = "<group>"; };
		9AA82A54288479C500398D4B /* BaseView.swift */ = {isa = PBXFileReference; lastKnownFileType = sourcecode.swift; path = BaseView.swift; sourceTree = "<group>"; };
		9AA82A56288479FB00398D4B /* BaseViewModel.swift */ = {isa = PBXFileReference; lastKnownFileType = sourcecode.swift; path = BaseViewModel.swift; sourceTree = "<group>"; };
		9AA82A58288485BC00398D4B /* ProfilePage.swift */ = {isa = PBXFileReference; fileEncoding = 4; lastKnownFileType = sourcecode.swift; path = ProfilePage.swift; sourceTree = "<group>"; };
		9AA82A5A288489B500398D4B /* CustomCurveShape.swift */ = {isa = PBXFileReference; lastKnownFileType = sourcecode.swift; path = CustomCurveShape.swift; sourceTree = "<group>"; };
		9AA82A5C28848B4200398D4B /* Home.swift */ = {isa = PBXFileReference; lastKnownFileType = sourcecode.swift; path = Home.swift; sourceTree = "<group>"; };
		9AA82A5E288496D500398D4B /* Product.swift */ = {isa = PBXFileReference; lastKnownFileType = sourcecode.swift; path = Product.swift; sourceTree = "<group>"; };
		9AA82A602884C55A00398D4B /* DetailView.swift */ = {isa = PBXFileReference; lastKnownFileType = sourcecode.swift; path = DetailView.swift; sourceTree = "<group>"; };
		9AA82A622885BBB000398D4B /* LikedPage.swift */ = {isa = PBXFileReference; lastKnownFileType = sourcecode.swift; path = LikedPage.swift; sourceTree = "<group>"; };
/* End PBXFileReference section */

/* Begin PBXFrameworksBuildPhase section */
		9AA82A3D2884771C00398D4B /* Frameworks */ = {
			isa = PBXFrameworksBuildPhase;
			buildActionMask = 2147483647;
			files = (
			);
			runOnlyForDeploymentPostprocessing = 0;
		};
/* End PBXFrameworksBuildPhase section */

/* Begin PBXGroup section */
		9AA82A372884771C00398D4B = {
			isa = PBXGroup;
			children = (
				9AA82A422884771C00398D4B /* NikeApp */,
				9AA82A412884771C00398D4B /* Products */,
			);
			sourceTree = "<group>";
		};
		9AA82A412884771C00398D4B /* Products */ = {
			isa = PBXGroup;
			children = (
				9AA82A402884771C00398D4B /* NikeApp.app */,
			);
			name = Products;
			sourceTree = "<group>";
		};
		9AA82A422884771C00398D4B /* NikeApp */ = {
			isa = PBXGroup;
			children = (
				9AA82A53288479A900398D4B /* ViewModel */,
				9AA82A522884799A00398D4B /* Model */,
				9AA82A512884798A00398D4B /* View */,
				9AA82A432884771C00398D4B /* NikeAppApp.swift */,
				9AA82A452884771C00398D4B /* ContentView.swift */,
				9AA82A472884771D00398D4B /* Assets.xcassets */,
				9AA82A492884771D00398D4B /* Preview Content */,
			);
			path = NikeApp;
			sourceTree = "<group>";
		};
		9AA82A492884771D00398D4B /* Preview Content */ = {
			isa = PBXGroup;
			children = (
				9AA82A4A2884771D00398D4B /* Preview Assets.xcassets */,
			);
			path = "Preview Content";
			sourceTree = "<group>";
		};
		9AA82A512884798A00398D4B /* View */ = {
			isa = PBXGroup;
			children = (
				9AA82A58288485BC00398D4B /* ProfilePage.swift */,
				9AA82A54288479C500398D4B /* BaseView.swift */,
				9AA82A5A288489B500398D4B /* CustomCurveShape.swift */,
				9AA82A5C28848B4200398D4B /* Home.swift */,
				9AA82A602884C55A00398D4B /* DetailView.swift */,
				9AA82A622885BBB000398D4B /* LikedPage.swift */,
			);
			path = View;
			sourceTree = "<group>";
		};
		9AA82A522884799A00398D4B /* Model */ = {
			isa = PBXGroup;
			children = (
				9AA82A5E288496D500398D4B /* Product.swift */,
			);
			path = Model;
			sourceTree = "<group>";
		};
		9AA82A53288479A900398D4B /* ViewModel */ = {
			isa = PBXGroup;
			children = (
				9AA82A56288479FB00398D4B /* BaseViewModel.swift */,
			);
			path = ViewModel;
			sourceTree = "<group>";
		};
/* End PBXGroup section */

/* Begin PBXNativeTarget section */
		9AA82A3F2884771C00398D4B /* NikeApp */ = {
			isa = PBXNativeTarget;
			buildConfigurationList = 9AA82A4E2884771D00398D4B /* Build configuration list for PBXNativeTarget "NikeApp" */;
			buildPhases = (
				9AA82A3C2884771C00398D4B /* Sources */,
				9AA82A3D2884771C00398D4B /* Frameworks */,
				9AA82A3E2884771C00398D4B /* Resources */,
			);
			buildRules = (
			);
			dependencies = (
			);
			name = NikeApp;
			productName = NikeApp;
			productReference = 9AA82A402884771C00398D4B /* NikeApp.app */;
			productType = "com.apple.product-type.application";
		};
/* End PBXNativeTarget section */

/* Begin PBXProject section */
		9AA82A382884771C00398D4B /* Project object */ = {
			isa = PBXProject;
			attributes = {
				BuildIndependentTargetsInParallel = 1;
				LastSwiftUpdateCheck = 1340;
				LastUpgradeCheck = 1340;
				TargetAttributes = {
					9AA82A3F2884771C00398D4B = {
						CreatedOnToolsVersion = 13.4.1;
					};
				};
			};
			buildConfigurationList = 9AA82A3B2884771C00398D4B /* Build configuration list for PBXProject "NikeApp" */;
			compatibilityVersion = "Xcode 13.0";
			developmentRegion = en;
			hasScannedForEncodings = 0;
			knownRegions = (
				en,
				Base,
			);
			mainGroup = 9AA82A372884771C00398D4B;
			productRefGroup = 9AA82A412884771C00398D4B /* Products */;
			projectDirPath = "";
			projectRoot = "";
			targets = (
				9AA82A3F2884771C00398D4B /* NikeApp */,
			);
		};
/* End PBXProject section */

/* Begin PBXResourcesBuildPhase section */
		9AA82A3E2884771C00398D4B /* Resources */ = {
			isa = PBXResourcesBuildPhase;
			buildActionMask = 2147483647;
			files = (
				9AA82A4B2884771D00398D4B /* Preview Assets.xcassets in Resources */,
				9AA82A482884771D00398D4B /* Assets.xcassets in Resources */,
			);
			runOnlyForDeploymentPostprocessing = 0;
		};
/* End PBXResourcesBuildPhase section */

/* Begin PBXSourcesBuildPhase section */
		9AA82A3C2884771C00398D4B /* Sources */ = {
			isa = PBXSourcesBuildPhase;
			buildActionMask = 2147483647;
			files = (
				9AA82A55288479C500398D4B /* BaseView.swift in Sources */,
				9AA82A612884C55B00398D4B /* DetailView.swift in Sources */,
				9AA82A5F288496D500398D4B /* Product.swift in Sources */,
				9AA82A57288479FB00398D4B /* BaseViewModel.swift in Sources */,
				9AA82A632885BBB100398D4B /* LikedPage.swift in Sources */,
				9AA82A59288485BC00398D4B /* ProfilePage.swift in Sources */,
				9AA82A462884771C00398D4B /* ContentView.swift in Sources */,
				9AA82A5B288489B500398D4B /* CustomCurveShape.swift in Sources */,
				9AA82A442884771C00398D4B /* NikeAppApp.swift in Sources */,
				9AA82A5D28848B4200398D4B /* Home.swift in Sources */,
			);
			runOnlyForDeploymentPostprocessing = 0;
		};
/* End PBXSourcesBuildPhase section */

/* Begin XCBuildConfiguration section */
		9AA82A4C2884771D00398D4B /* Debug */ = {
			isa = XCBuildConfiguration;
			buildSettings = {
				ALWAYS_SEARCH_USER_PATHS = NO;
				CLANG_ANALYZER_NONNULL = YES;
				CLANG_ANALYZER_NUMBER_OBJECT_CONVERSION = YES_AGGRESSIVE;
				CLANG_CXX_LANGUAGE_STANDARD = "gnu++17";
				CLANG_ENABLE_MODULES = YES;
				CLANG_ENABLE_OBJC_ARC = YES;
				CLANG_ENABLE_OBJC_WEAK = YES;
				CLANG_WARN_BLOCK_CAPTURE_AUTORELEASING = YES;
				CLANG_WARN_BOOL_CONVERSION = YES;
				CLANG_WARN_COMMA = YES;
				CLANG_WARN_CONSTANT_CONVERSION = YES;
				CLANG_WARN_DEPRECATED_OBJC_IMPLEMENTATIONS = YES;
				CLANG_WARN_DIRECT_OBJC_ISA_USAGE = YES_ERROR;
				CLANG_WARN_DOCUMENTATION_COMMENTS = YES;
				CLANG_WARN_EMPTY_BODY = YES;
				CLANG_WARN_ENUM_CONVERSION = YES;
				CLANG_WARN_INFINITE_RECURSION = YES;
				CLANG_WARN_INT_CONVERSION = YES;
				CLANG_WARN_NON_LITERAL_NULL_CONVERSION = YES;
				CLANG_WARN_OBJC_IMPLICIT_RETAIN_SELF = YES;
				CLANG_WARN_OBJC_LITERAL_CONVERSION = YES;
				CLANG_WARN_OBJC_ROOT_CLASS = YES_ERROR;
				CLANG_WARN_QUOTED_INCLUDE_IN_FRAMEWORK_HEADER = YES;
				CLANG_WARN_RANGE_LOOP_ANALYSIS = YES;
				CLANG_WARN_STRICT_PROTOTYPES = YES;
				CLANG_WARN_SUSPICIOUS_MOVE = YES;
				CLANG_WARN_UNGUARDED_AVAILABILITY = YES_AGGRESSIVE;
				CLANG_WARN_UNREACHABLE_CODE = YES;
				CLANG_WARN__DUPLICATE_METHOD_MATCH = YES;
				COPY_PHASE_STRIP = NO;
				DEBUG_INFORMATION_FORMAT = dwarf;
				ENABLE_STRICT_OBJC_MSGSEND = YES;
				ENABLE_TESTABILITY = YES;
				GCC_C_LANGUAGE_STANDARD = gnu11;
				GCC_DYNAMIC_NO_PIC = NO;
				GCC_NO_COMMON_BLOCKS = YES;
				GCC_OPTIMIZATION_LEVEL = 0;
				GCC_PREPROCESSOR_DEFINITIONS = (
					"DEBUG=1",
					"$(inherited)",
				);
				GCC_WARN_64_TO_32_BIT_CONVERSION = YES;
				GCC_WARN_ABOUT_RETURN_TYPE = YES_ERROR;
				GCC_WARN_UNDECLARED_SELECTOR = YES;
				GCC_WARN_UNINITIALIZED_AUTOS = YES_AGGRESSIVE;
				GCC_WARN_UNUSED_FUNCTION = YES;
				GCC_WARN_UNUSED_VARIABLE = YES;
				IPHONEOS_DEPLOYMENT_TARGET = 15.5;
				MTL_ENABLE_DEBUG_INFO = INCLUDE_SOURCE;
				MTL_FAST_MATH = YES;
				ONLY_ACTIVE_ARCH = YES;
				SDKROOT = iphoneos;
				SWIFT_ACTIVE_COMPILATION_CONDITIONS = DEBUG;
				SWIFT_OPTIMIZATION_LEVEL = "-Onone";
			};
			name = Debug;
		};
		9AA82A4D2884771D00398D4B /* Release */ = {
			isa = XCBuildConfiguration;
			buildSettings = {
				ALWAYS_SEARCH_USER_PATHS = NO;
				CLANG_ANALYZER_NONNULL = YES;
				CLANG_ANALYZER_NUMBER_OBJECT_CONVERSION = YES_AGGRESSIVE;
				CLANG_CXX_LANGUAGE_STANDARD = "gnu++17";
				CLANG_ENABLE_MODULES = YES;
				CLANG_ENABLE_OBJC_ARC = YES;
				CLANG_ENABLE_OBJC_WEAK = YES;
				CLANG_WARN_BLOCK_CAPTURE_AUTORELEASING = YES;
				CLANG_WARN_BOOL_CONVERSION = YES;
				CLANG_WARN_COMMA = YES;
				CLANG_WARN_CONSTANT_CONVERSION = YES;
				CLANG_WARN_DEPRECATED_OBJC_IMPLEMENTATIONS = YES;
				CLANG_WARN_DIRECT_OBJC_ISA_USAGE = YES_ERROR;
				CLANG_WARN_DOCUMENTATION_COMMENTS = YES;
				CLANG_WARN_EMPTY_BODY = YES;
				CLANG_WARN_ENUM_CONVERSION = YES;
				CLANG_WARN_INFINITE_RECURSION = YES;
				CLANG_WARN_INT_CONVERSION = YES;
				CLANG_WARN_NON_LITERAL_NULL_CONVERSION = YES;
				CLANG_WARN_OBJC_IMPLICIT_RETAIN_SELF = YES;
				CLANG_WARN_OBJC_LITERAL_CONVERSION = YES;
				CLANG_WARN_OBJC_ROOT_CLASS = YES_ERROR;
				CLANG_WARN_QUOTED_INCLUDE_IN_FRAMEWORK_HEADER = YES;
				CLANG_WARN_RANGE_LOOP_ANALYSIS = YES;
				CLANG_WARN_STRICT_PROTOTYPES = YES;
				CLANG_WARN_SUSPICIOUS_MOVE = YES;
				CLANG_WARN_UNGUARDED_AVAILABILITY = YES_AGGRESSIVE;
				CLANG_WARN_UNREACHABLE_CODE = YES;
				CLANG_WARN__DUPLICATE_METHOD_MATCH = YES;
				COPY_PHASE_STRIP = NO;
				DEBUG_INFORMATION_FORMAT = "dwarf-with-dsym";
				ENABLE_NS_ASSERTIONS = NO;
				ENABLE_STRICT_OBJC_MSGSEND = YES;
				GCC_C_LANGUAGE_STANDARD = gnu11;
				GCC_NO_COMMON_BLOCKS = YES;
				GCC_WARN_64_TO_32_BIT_CONVERSION = YES;
				GCC_WARN_ABOUT_RETURN_TYPE = YES_ERROR;
				GCC_WARN_UNDECLARED_SELECTOR = YES;
				GCC_WARN_UNINITIALIZED_AUTOS = YES_AGGRESSIVE;
				GCC_WARN_UNUSED_FUNCTION = YES;
				GCC_WARN_UNUSED_VARIABLE = YES;
				IPHONEOS_DEPLOYMENT_TARGET = 15.5;
				MTL_ENABLE_DEBUG_INFO = NO;
				MTL_FAST_MATH = YES;
				SDKROOT = iphoneos;
				SWIFT_COMPILATION_MODE = wholemodule;
				SWIFT_OPTIMIZATION_LEVEL = "-O";
				VALIDATE_PRODUCT = YES;
			};
			name = Release;
		};
		9AA82A4F2884771D00398D4B /* Debug */ = {
			isa = XCBuildConfiguration;
			buildSettings = {
				ASSETCATALOG_COMPILER_APPICON_NAME = AppIcon;
				ASSETCATALOG_COMPILER_GLOBAL_ACCENT_COLOR_NAME = AccentColor;
				CODE_SIGN_STYLE = Automatic;
				CURRENT_PROJECT_VERSION = 1;
				DEVELOPMENT_ASSET_PATHS = "\"NikeApp/Preview Content\"";
				ENABLE_PREVIEWS = YES;
				GENERATE_INFOPLIST_FILE = YES;
				INFOPLIST_KEY_UIApplicationSceneManifest_Generation = YES;
				INFOPLIST_KEY_UIApplicationSupportsIndirectInputEvents = YES;
				INFOPLIST_KEY_UILaunchScreen_Generation = YES;
				INFOPLIST_KEY_UISupportedInterfaceOrientations_iPad = "UIInterfaceOrientationPortrait UIInterfaceOrientationPortraitUpsideDown UIInterfaceOrientationLandscapeLeft UIInterfaceOrientationLandscapeRight";
				INFOPLIST_KEY_UISupportedInterfaceOrientations_iPhone = "UIInterfaceOrientationPortrait UIInterfaceOrientationLandscapeLeft UIInterfaceOrientationLandscapeRight";
				LD_RUNPATH_SEARCH_PATHS = (
					"$(inherited)",
					"@executable_path/Frameworks",
				);
				MARKETING_VERSION = 1.0;
				PRODUCT_BUNDLE_IDENTIFIER = Alex.NikeApp;
				PRODUCT_NAME = "$(TARGET_NAME)";
				SWIFT_EMIT_LOC_STRINGS = YES;
				SWIFT_VERSION = 5.0;
				TARGETED_DEVICE_FAMILY = "1,2";
			};
			name = Debug;
		};
		9AA82A502884771D00398D4B /* Release */ = {
			isa = XCBuildConfiguration;
			buildSettings = {
				ASSETCATALOG_COMPILER_APPICON_NAME = AppIcon;
				ASSETCATALOG_COMPILER_GLOBAL_ACCENT_COLOR_NAME = AccentColor;
				CODE_SIGN_STYLE = Automatic;
				CURRENT_PROJECT_VERSION = 1;
				DEVELOPMENT_ASSET_PATHS = "\"NikeApp/Preview Content\"";
				ENABLE_PREVIEWS = YES;
				GENERATE_INFOPLIST_FILE = YES;
				INFOPLIST_KEY_UIApplicationSceneManifest_Generation = YES;
				INFOPLIST_KEY_UIApplicationSupportsIndirectInputEvents = YES;
				INFOPLIST_KEY_UILaunchScreen_Generation = YES;
				INFOPLIST_KEY_UISupportedInterfaceOrientations_iPad = "UIInterfaceOrientationPortrait UIInterfaceOrientationPortraitUpsideDown UIInterfaceOrientationLandscapeLeft UIInterfaceOrientationLandscapeRight";
				INFOPLIST_KEY_UISupportedInterfaceOrientations_iPhone = "UIInterfaceOrientationPortrait UIInterfaceOrientationLandscapeLeft UIInterfaceOrientationLandscapeRight";
				LD_RUNPATH_SEARCH_PATHS = (
					"$(inherited)",
					"@executable_path/Frameworks",
				);
				MARKETING_VERSION = 1.0;
				PRODUCT_BUNDLE_IDENTIFIER = Alex.NikeApp;
				PRODUCT_NAME = "$(TARGET_NAME)";
				SWIFT_EMIT_LOC_STRINGS = YES;
				SWIFT_VERSION = 5.0;
				TARGETED_DEVICE_FAMILY = "1,2";
			};
			name = Release;
		};
/* End XCBuildConfiguration section */

/* Begin XCConfigurationList section */
		9AA82A3B2884771C00398D4B /* Build configuration list for PBXProject "NikeApp" */ = {
			isa = XCConfigurationList;
			buildConfigurations = (
				9AA82A4C2884771D00398D4B /* Debug */,
				9AA82A4D2884771D00398D4B /* Release */,
			);
			defaultConfigurationIsVisible = 0;
			defaultConfigurationName = Release;
		};
		9AA82A4E2884771D00398D4B /* Build configuration list for PBXNativeTarget "NikeApp" */ = {
			isa = XCConfigurationList;
			buildConfigurations = (
				9AA82A4F2884771D00398D4B /* Debug */,
				9AA82A502884771D00398D4B /* Release */,
			);
			defaultConfigurationIsVisible = 0;
			defaultConfigurationName = Release;
		};
/* End XCConfigurationList section */
	};
	rootObject = 9AA82A382884771C00398D4B /* Project object */;
}
